
Microsoft Visual Studio Solution File, Format Version 12.00
# Visual Studio Version 17
VisualStudioVersion = 17.5.002.0
MinimumVisualStudioVersion = 10.0.40219.1
Project("{9A19103F-16F7-4668-BE54-9A1E7A4F7556}") = "back-end-Cs", "back-end-Cs\back-end-Cs.csproj", "{F4802A84-1C5A-43DC-8249-1CDA7673360F}"
EndProject
Global
	GlobalSection(SolutionConfigurationPlatforms) = preSolution
		Debug|Any CPU = Debug|Any CPU
		Release|Any CPU = Release|Any CPU
	EndGlobalSection
	GlobalSection(ProjectConfigurationPlatforms) = postSolution
		{F4802A84-1C5A-43DC-8249-1CDA7673360F}.Debug|Any CPU.ActiveCfg = Debug|Any CPU
		{F4802A84-1C5A-43DC-8249-1CDA7673360F}.Debug|Any CPU.Build.0 = Debug|Any CPU
		{F4802A84-1C5A-43DC-8249-1CDA7673360F}.Release|Any CPU.ActiveCfg = Release|Any CPU
		{F4802A84-1C5A-43DC-8249-1CDA7673360F}.Release|Any CPU.Build.0 = Release|Any CPU
	EndGlobalSection
	GlobalSection(SolutionProperties) = preSolution
		HideSolutionNode = FALSE
	EndGlobalSection
	GlobalSection(ExtensibilityGlobals) = postSolution
		SolutionGuid = {F8A36A27-F539-4E22-B483-8B93AA11F972}
	EndGlobalSection
EndGlobal
